
Microsoft Visual Studio Solution File, Format Version 12.00
# Visual Studio Version 17
VisualStudioVersion = 17.4.33213.308
MinimumVisualStudioVersion = 10.0.40219.1
Project("{9A19103F-16F7-4668-BE54-9A1E7A4F7556}") = "CustomsAttire.Core", "CustomsAttire.Core.csproj", "{8F9B72AB-A625-4CD0-8F8E-838BFC152B76}"
EndProject
Project("{9A19103F-16F7-4668-BE54-9A1E7A4F7556}") = "CustomsAttire.API", "..\customsattire.API\CustomsAttire.API.csproj", "{31ACAE65-B9EE-475B-AEC5-89B7F58DCD38}"
EndProject
Global
	GlobalSection(SolutionConfigurationPlatforms) = preSolution
		Debug|Any CPU = Debug|Any CPU
		Release|Any CPU = Release|Any CPU
	EndGlobalSection
	GlobalSection(ProjectConfigurationPlatforms) = postSolution
		{8F9B72AB-A625-4CD0-8F8E-838BFC152B76}.Debug|Any CPU.ActiveCfg = Debug|Any CPU
		{8F9B72AB-A625-4CD0-8F8E-838BFC152B76}.Debug|Any CPU.Build.0 = Debug|Any CPU
		{8F9B72AB-A625-4CD0-8F8E-838BFC152B76}.Release|Any CPU.ActiveCfg = Release|Any CPU
		{8F9B72AB-A625-4CD0-8F8E-838BFC152B76}.Release|Any CPU.Build.0 = Release|Any CPU
		{31ACAE65-B9EE-475B-AEC5-89B7F58DCD38}.Debug|Any CPU.ActiveCfg = Debug|Any CPU
		{31ACAE65-B9EE-475B-AEC5-89B7F58DCD38}.Debug|Any CPU.Build.0 = Debug|Any CPU
		{31ACAE65-B9EE-475B-AEC5-89B7F58DCD38}.Release|Any CPU.ActiveCfg = Release|Any CPU
		{31ACAE65-B9EE-475B-AEC5-89B7F58DCD38}.Release|Any CPU.Build.0 = Release|Any CPU
	EndGlobalSection
	GlobalSection(SolutionProperties) = preSolution
		HideSolutionNode = FALSE
	EndGlobalSection
	GlobalSection(ExtensibilityGlobals) = postSolution
		SolutionGuid = {24715FBA-A9F8-4DEE-8AC8-C25CD1B54A98}
	EndGlobalSection
EndGlobal
